// !$*UTF8*$!
{
	archiveVersion = 1;
	classes = {
	};
	objectVersion = 46;
	objects = {

/* Begin PBXBuildFile section */
		65174C5A17646B7B003FA84E /* libsqlite3.dylib in Frameworks */ = {isa = PBXBuildFile; fileRef = 65174C5917646B7B003FA84E /* libsqlite3.dylib */; };
		652E89301763261700553B85 /* WeekReport.sqlite in Resources */ = {isa = PBXBuildFile; fileRef = 652E892F1763261700553B85 /* WeekReport.sqlite */; };
		652E89311763261700553B85 /* WeekReport.sqlite in Resources */ = {isa = PBXBuildFile; fileRef = 652E892F1763261700553B85 /* WeekReport.sqlite */; };
		655BCDC2175C793300C5C8B6 /* FSReportInfoCell.m in Sources */ = {isa = PBXBuildFile; fileRef = 655BCDC1175C793300C5C8B6 /* FSReportInfoCell.m */; };
		6596758C175D778C00263CFD /* FSReportDetailTableViewController.m in Sources */ = {isa = PBXBuildFile; fileRef = 6596758A175D778C00263CFD /* FSReportDetailTableViewController.m */; };
		6596758D175D778C00263CFD /* FSReportDetailTableViewController.xib in Resources */ = {isa = PBXBuildFile; fileRef = 6596758B175D778C00263CFD /* FSReportDetailTableViewController.xib */; };
		65967593175DC07400263CFD /* FSCells.xib in Resources */ = {isa = PBXBuildFile; fileRef = 65967592175DC07400263CFD /* FSCells.xib */; };
		65967597175DD50200263CFD /* FSPersonInfoViewController.m in Sources */ = {isa = PBXBuildFile; fileRef = 65967595175DD50200263CFD /* FSPersonInfoViewController.m */; };
		65967598175DD50200263CFD /* FSPersonInfoViewController.xib in Resources */ = {isa = PBXBuildFile; fileRef = 65967596175DD50200263CFD /* FSPersonInfoViewController.xib */; };
		6596759C175DD5E600263CFD /* FSProjectInfoViewController.m in Sources */ = {isa = PBXBuildFile; fileRef = 6596759A175DD5E600263CFD /* FSProjectInfoViewController.m */; };
		6596759D175DD5E600263CFD /* FSProjectInfoViewController.xib in Resources */ = {isa = PBXBuildFile; fileRef = 6596759B175DD5E600263CFD /* FSProjectInfoViewController.xib */; };
		659675A1175DD92000263CFD /* FSSettingsViewController.m in Sources */ = {isa = PBXBuildFile; fileRef = 6596759F175DD92000263CFD /* FSSettingsViewController.m */; };
		659675A2175DD92000263CFD /* FSSettingsViewController.xib in Resources */ = {isa = PBXBuildFile; fileRef = 659675A0175DD92000263CFD /* FSSettingsViewController.xib */; };
		65AE3D4A1771410F00456C90 /* libxml2.dylib in Frameworks */ = {isa = PBXBuildFile; fileRef = 65AE3D491771410F00456C90 /* libxml2.dylib */; };
		65AE3D501771A09900456C90 /* FSProjectInfoCell.m in Sources */ = {isa = PBXBuildFile; fileRef = 65AE3D4F1771A09900456C90 /* FSProjectInfoCell.m */; };
		65CA7C7C175852EF0068EE12 /* FSReportMainViewController.m in Sources */ = {isa = PBXBuildFile; fileRef = 65CA7C7A175852EF0068EE12 /* FSReportMainViewController.m */; };
		65CA7C7D175852EF0068EE12 /* FSReportMainViewController.xib in Resources */ = {isa = PBXBuildFile; fileRef = 65CA7C7B175852EF0068EE12 /* FSReportMainViewController.xib */; };
		65CB8DD0175ECBDF00C2A1B0 /* FSTempShowTableViewController.m in Sources */ = {isa = PBXBuildFile; fileRef = 65CB8DCE175ECBDF00C2A1B0 /* FSTempShowTableViewController.m */; };
		65CB8DD1175ECBDF00C2A1B0 /* FSTempShowTableViewController.xib in Resources */ = {isa = PBXBuildFile; fileRef = 65CB8DCF175ECBDF00C2A1B0 /* FSTempShowTableViewController.xib */; };
		65E2A1251777DA5000051E08 /* FSTextFieldCell.m in Sources */ = {isa = PBXBuildFile; fileRef = 65E2A1241777DA5000051E08 /* FSTextFieldCell.m */; };
		65EF573717793D9A0094E122 /* project.xml in Resources */ = {isa = PBXBuildFile; fileRef = 65EF573617793D9A0094E122 /* project.xml */; };
		A75E571F175843F100FC5FE4 /* UIKit.framework in Frameworks */ = {isa = PBXBuildFile; fileRef = A75E571E175843F100FC5FE4 /* UIKit.framework */; };
		A75E5721175843F100FC5FE4 /* Foundation.framework in Frameworks */ = {isa = PBXBuildFile; fileRef = A75E5720175843F100FC5FE4 /* Foundation.framework */; };
		A75E5723175843F100FC5FE4 /* CoreGraphics.framework in Frameworks */ = {isa = PBXBuildFile; fileRef = A75E5722175843F100FC5FE4 /* CoreGraphics.framework */; };
		A75E5729175843F100FC5FE4 /* InfoPlist.strings in Resources */ = {isa = PBXBuildFile; fileRef = A75E5727175843F100FC5FE4 /* InfoPlist.strings */; };
		A75E572B175843F100FC5FE4 /* main.m in Sources */ = {isa = PBXBuildFile; fileRef = A75E572A175843F100FC5FE4 /* main.m */; };
		A75E572F175843F100FC5FE4 /* FSAppDelegate.m in Sources */ = {isa = PBXBuildFile; fileRef = A75E572E175843F100FC5FE4 /* FSAppDelegate.m */; };
		A75E5731175843F100FC5FE4 /* Default.png in Resources */ = {isa = PBXBuildFile; fileRef = A75E5730175843F100FC5FE4 /* Default.png */; };
		A75E5733175843F100FC5FE4 /* Default@2x.png in Resources */ = {isa = PBXBuildFile; fileRef = A75E5732175843F100FC5FE4 /* Default@2x.png */; };
		A75E5735175843F100FC5FE4 /* Default-568h@2x.png in Resources */ = {isa = PBXBuildFile; fileRef = A75E5734175843F100FC5FE4 /* Default-568h@2x.png */; };
		A75E573D175843F100FC5FE4 /* SenTestingKit.framework in Frameworks */ = {isa = PBXBuildFile; fileRef = A75E573C175843F100FC5FE4 /* SenTestingKit.framework */; };
		A75E573E175843F100FC5FE4 /* UIKit.framework in Frameworks */ = {isa = PBXBuildFile; fileRef = A75E571E175843F100FC5FE4 /* UIKit.framework */; };
		A75E573F175843F100FC5FE4 /* Foundation.framework in Frameworks */ = {isa = PBXBuildFile; fileRef = A75E5720175843F100FC5FE4 /* Foundation.framework */; };
		A75E5747175843F100FC5FE4 /* InfoPlist.strings in Resources */ = {isa = PBXBuildFile; fileRef = A75E5745175843F100FC5FE4 /* InfoPlist.strings */; };
		A75E574A175843F100FC5FE4 /* WeekReportSystemForiOSTests.m in Sources */ = {isa = PBXBuildFile; fileRef = A75E5749175843F100FC5FE4 /* WeekReportSystemForiOSTests.m */; };
		A7FD9D9E1778367D009AAF90 /* libLogicForiOS.a in Frameworks */ = {isa = PBXBuildFile; fileRef = A7FD9D9D17783678009AAF90 /* libLogicForiOS.a */; };
/* End PBXBuildFile section */

/* Begin PBXContainerItemProxy section */
		A75E5740175843F100FC5FE4 /* PBXContainerItemProxy */ = {
			isa = PBXContainerItemProxy;
			containerPortal = A75E5713175843F100FC5FE4 /* Project object */;
			proxyType = 1;
			remoteGlobalIDString = A75E571A175843F100FC5FE4;
			remoteInfo = WeekReportSystemForiOS;
		};
		A7FD9D9A17783678009AAF90 /* PBXContainerItemProxy */ = {
			isa = PBXContainerItemProxy;
			containerPortal = A7FD9D9517783677009AAF90 /* BusinessLogic.xcodeproj */;
			proxyType = 2;
			remoteGlobalIDString = A767758F1778319E0085516D;
			remoteInfo = LogicForMac;
		};
		A7FD9D9C17783678009AAF90 /* PBXContainerItemProxy */ = {
			isa = PBXContainerItemProxy;
			containerPortal = A7FD9D9517783677009AAF90 /* BusinessLogic.xcodeproj */;
			proxyType = 2;
			remoteGlobalIDString = A76775A7177831AB0085516D;
			remoteInfo = LogicForiOS;
		};
		A7FD9D9F17783693009AAF90 /* PBXContainerItemProxy */ = {
			isa = PBXContainerItemProxy;
			containerPortal = A7FD9D9517783677009AAF90 /* BusinessLogic.xcodeproj */;
			proxyType = 1;
			remoteGlobalIDString = A76775A6177831AB0085516D;
			remoteInfo = LogicForiOS;
		};
/* End PBXContainerItemProxy section */

/* Begin PBXFileReference section */
		65174C5917646B7B003FA84E /* libsqlite3.dylib */ = {isa = PBXFileReference; lastKnownFileType = "compiled.mach-o.dylib"; name = libsqlite3.dylib; path = usr/lib/libsqlite3.dylib; sourceTree = SDKROOT; };
		652E892F1763261700553B85 /* WeekReport.sqlite */ = {isa = PBXFileReference; lastKnownFileType = file; name = WeekReport.sqlite; path = ../../CommonResources/WeekReport.sqlite; sourceTree = "<group>"; };
		655BCDC0175C793300C5C8B6 /* FSReportInfoCell.h */ = {isa = PBXFileReference; fileEncoding = 4; lastKnownFileType = sourcecode.c.h; name = FSReportInfoCell.h; path = ../FSReportInfoCell.h; sourceTree = "<group>"; };
		655BCDC1175C793300C5C8B6 /* FSReportInfoCell.m */ = {isa = PBXFileReference; fileEncoding = 4; lastKnownFileType = sourcecode.c.objc; name = FSReportInfoCell.m; path = ../FSReportInfoCell.m; sourceTree = "<group>"; };
		65967589175D778C00263CFD /* FSReportDetailTableViewController.h */ = {isa = PBXFileReference; fileEncoding = 4; lastKnownFileType = sourcecode.c.h; path = FSReportDetailTableViewController.h; sourceTree = "<group>"; };
		6596758A175D778C00263CFD /* FSReportDetailTableViewController.m */ = {isa = PBXFileReference; fileEncoding = 4; lastKnownFileType = sourcecode.c.objc; path = FSReportDetailTableViewController.m; sourceTree = "<group>"; };
		6596758B175D778C00263CFD /* FSReportDetailTableViewController.xib */ = {isa = PBXFileReference; fileEncoding = 4; lastKnownFileType = file.xib; path = FSReportDetailTableViewController.xib; sourceTree = "<group>"; };
		65967592175DC07400263CFD /* FSCells.xib */ = {isa = PBXFileReference; fileEncoding = 4; lastKnownFileType = file.xib; path = FSCells.xib; sourceTree = "<group>"; };
		65967594175DD50200263CFD /* FSPersonInfoViewController.h */ = {isa = PBXFileReference; fileEncoding = 4; lastKnownFileType = sourcecode.c.h; path = FSPersonInfoViewController.h; sourceTree = "<group>"; };
		65967595175DD50200263CFD /* FSPersonInfoViewController.m */ = {isa = PBXFileReference; fileEncoding = 4; lastKnownFileType = sourcecode.c.objc; path = FSPersonInfoViewController.m; sourceTree = "<group>"; };
		65967596175DD50200263CFD /* FSPersonInfoViewController.xib */ = {isa = PBXFileReference; fileEncoding = 4; lastKnownFileType = file.xib; path = FSPersonInfoViewController.xib; sourceTree = "<group>"; };
		65967599175DD5E600263CFD /* FSProjectInfoViewController.h */ = {isa = PBXFileReference; fileEncoding = 4; lastKnownFileType = sourcecode.c.h; path = FSProjectInfoViewController.h; sourceTree = "<group>"; };
		6596759A175DD5E600263CFD /* FSProjectInfoViewController.m */ = {isa = PBXFileReference; fileEncoding = 4; lastKnownFileType = sourcecode.c.objc; path = FSProjectInfoViewController.m; sourceTree = "<group>"; };
		6596759B175DD5E600263CFD /* FSProjectInfoViewController.xib */ = {isa = PBXFileReference; fileEncoding = 4; lastKnownFileType = file.xib; path = FSProjectInfoViewController.xib; sourceTree = "<group>"; };
		6596759E175DD92000263CFD /* FSSettingsViewController.h */ = {isa = PBXFileReference; fileEncoding = 4; lastKnownFileType = sourcecode.c.h; path = FSSettingsViewController.h; sourceTree = "<group>"; };
		6596759F175DD92000263CFD /* FSSettingsViewController.m */ = {isa = PBXFileReference; fileEncoding = 4; lastKnownFileType = sourcecode.c.objc; path = FSSettingsViewController.m; sourceTree = "<group>"; };
		659675A0175DD92000263CFD /* FSSettingsViewController.xib */ = {isa = PBXFileReference; fileEncoding = 4; lastKnownFileType = file.xib; path = FSSettingsViewController.xib; sourceTree = "<group>"; };
		65AE3D491771410F00456C90 /* libxml2.dylib */ = {isa = PBXFileReference; lastKnownFileType = "compiled.mach-o.dylib"; name = libxml2.dylib; path = usr/lib/libxml2.dylib; sourceTree = SDKROOT; };
		65AE3D4E1771A09900456C90 /* FSProjectInfoCell.h */ = {isa = PBXFileReference; fileEncoding = 4; lastKnownFileType = sourcecode.c.h; path = FSProjectInfoCell.h; sourceTree = "<group>"; };
		65AE3D4F1771A09900456C90 /* FSProjectInfoCell.m */ = {isa = PBXFileReference; fileEncoding = 4; lastKnownFileType = sourcecode.c.objc; path = FSProjectInfoCell.m; sourceTree = "<group>"; };
		65CA7C79175852EF0068EE12 /* FSReportMainViewController.h */ = {isa = PBXFileReference; fileEncoding = 4; lastKnownFileType = sourcecode.c.h; path = FSReportMainViewController.h; sourceTree = "<group>"; };
		65CA7C7A175852EF0068EE12 /* FSReportMainViewController.m */ = {isa = PBXFileReference; fileEncoding = 4; lastKnownFileType = sourcecode.c.objc; path = FSReportMainViewController.m; sourceTree = "<group>"; };
		65CA7C7B175852EF0068EE12 /* FSReportMainViewController.xib */ = {isa = PBXFileReference; fileEncoding = 4; lastKnownFileType = file.xib; path = FSReportMainViewController.xib; sourceTree = "<group>"; };
		65CB8DCD175ECBDE00C2A1B0 /* FSTempShowTableViewController.h */ = {isa = PBXFileReference; fileEncoding = 4; lastKnownFileType = sourcecode.c.h; path = FSTempShowTableViewController.h; sourceTree = "<group>"; };
		65CB8DCE175ECBDF00C2A1B0 /* FSTempShowTableViewController.m */ = {isa = PBXFileReference; fileEncoding = 4; lastKnownFileType = sourcecode.c.objc; path = FSTempShowTableViewController.m; sourceTree = "<group>"; };
		65CB8DCF175ECBDF00C2A1B0 /* FSTempShowTableViewController.xib */ = {isa = PBXFileReference; fileEncoding = 4; lastKnownFileType = file.xib; path = FSTempShowTableViewController.xib; sourceTree = "<group>"; };
		65E2A1231777DA5000051E08 /* FSTextFieldCell.h */ = {isa = PBXFileReference; fileEncoding = 4; lastKnownFileType = sourcecode.c.h; path = FSTextFieldCell.h; sourceTree = "<group>"; };
		65E2A1241777DA5000051E08 /* FSTextFieldCell.m */ = {isa = PBXFileReference; fileEncoding = 4; lastKnownFileType = sourcecode.c.objc; path = FSTextFieldCell.m; sourceTree = "<group>"; };
		65EF573617793D9A0094E122 /* project.xml */ = {isa = PBXFileReference; fileEncoding = 4; lastKnownFileType = text.xml; path = project.xml; sourceTree = "<group>"; };
		65EF7FB6177BC32000C98185 /* zh-Hans */ = {isa = PBXFileReference; lastKnownFileType = text.plist.strings; name = "zh-Hans"; path = "zh-Hans.lproj/InfoPlist.strings"; sourceTree = "<group>"; };
		65EF7FB7177BC32100C98185 /* zh-Hans */ = {isa = PBXFileReference; lastKnownFileType = text.plist.strings; name = "zh-Hans"; path = "zh-Hans.lproj/InfoPlist.strings"; sourceTree = "<group>"; };
		A75E571B175843F100FC5FE4 /* WeekReportSystemForiOS.app */ = {isa = PBXFileReference; explicitFileType = wrapper.application; includeInIndex = 0; path = WeekReportSystemForiOS.app; sourceTree = BUILT_PRODUCTS_DIR; };
		A75E571E175843F100FC5FE4 /* UIKit.framework */ = {isa = PBXFileReference; lastKnownFileType = wrapper.framework; name = UIKit.framework; path = System/Library/Frameworks/UIKit.framework; sourceTree = SDKROOT; };
		A75E5720175843F100FC5FE4 /* Foundation.framework */ = {isa = PBXFileReference; lastKnownFileType = wrapper.framework; name = Foundation.framework; path = System/Library/Frameworks/Foundation.framework; sourceTree = SDKROOT; };
		A75E5722175843F100FC5FE4 /* CoreGraphics.framework */ = {isa = PBXFileReference; lastKnownFileType = wrapper.framework; name = CoreGraphics.framework; path = System/Library/Frameworks/CoreGraphics.framework; sourceTree = SDKROOT; };
		A75E5726175843F100FC5FE4 /* WeekReportSystemForiOS-Info.plist */ = {isa = PBXFileReference; lastKnownFileType = text.plist.xml; path = "WeekReportSystemForiOS-Info.plist"; sourceTree = "<group>"; };
		A75E572A175843F100FC5FE4 /* main.m */ = {isa = PBXFileReference; lastKnownFileType = sourcecode.c.objc; path = main.m; sourceTree = "<group>"; };
		A75E572C175843F100FC5FE4 /* WeekReportSystemForiOS-Prefix.pch */ = {isa = PBXFileReference; lastKnownFileType = sourcecode.c.h; path = "WeekReportSystemForiOS-Prefix.pch"; sourceTree = "<group>"; };
		A75E572D175843F100FC5FE4 /* FSAppDelegate.h */ = {isa = PBXFileReference; lastKnownFileType = sourcecode.c.h; path = FSAppDelegate.h; sourceTree = "<group>"; };
		A75E572E175843F100FC5FE4 /* FSAppDelegate.m */ = {isa = PBXFileReference; lastKnownFileType = sourcecode.c.objc; path = FSAppDelegate.m; sourceTree = "<group>"; };
		A75E5730175843F100FC5FE4 /* Default.png */ = {isa = PBXFileReference; lastKnownFileType = image.png; path = Default.png; sourceTree = "<group>"; };
		A75E5732175843F100FC5FE4 /* Default@2x.png */ = {isa = PBXFileReference; lastKnownFileType = image.png; path = "Default@2x.png"; sourceTree = "<group>"; };
		A75E5734175843F100FC5FE4 /* Default-568h@2x.png */ = {isa = PBXFileReference; lastKnownFileType = image.png; path = "Default-568h@2x.png"; sourceTree = "<group>"; };
		A75E573B175843F100FC5FE4 /* WeekReportSystemForiOSTests.octest */ = {isa = PBXFileReference; explicitFileType = wrapper.cfbundle; includeInIndex = 0; path = WeekReportSystemForiOSTests.octest; sourceTree = BUILT_PRODUCTS_DIR; };
		A75E573C175843F100FC5FE4 /* SenTestingKit.framework */ = {isa = PBXFileReference; lastKnownFileType = wrapper.framework; name = SenTestingKit.framework; path = Library/Frameworks/SenTestingKit.framework; sourceTree = DEVELOPER_DIR; };
		A75E5744175843F100FC5FE4 /* WeekReportSystemForiOSTests-Info.plist */ = {isa = PBXFileReference; lastKnownFileType = text.plist.xml; path = "WeekReportSystemForiOSTests-Info.plist"; sourceTree = "<group>"; };
		A75E5748175843F100FC5FE4 /* WeekReportSystemForiOSTests.h */ = {isa = PBXFileReference; lastKnownFileType = sourcecode.c.h; path = WeekReportSystemForiOSTests.h; sourceTree = "<group>"; };
		A75E5749175843F100FC5FE4 /* WeekReportSystemForiOSTests.m */ = {isa = PBXFileReference; lastKnownFileType = sourcecode.c.objc; path = WeekReportSystemForiOSTests.m; sourceTree = "<group>"; };
		A7FD9D9517783677009AAF90 /* BusinessLogic.xcodeproj */ = {isa = PBXFileReference; lastKnownFileType = "wrapper.pb-project"; name = BusinessLogic.xcodeproj; path = ../BusinessLogic/BusinessLogic.xcodeproj; sourceTree = "<group>"; };
/* End PBXFileReference section */

/* Begin PBXFrameworksBuildPhase section */
		A75E5718175843F100FC5FE4 /* Frameworks */ = {
			isa = PBXFrameworksBuildPhase;
			buildActionMask = 2147483647;
			files = (
				A7FD9D9E1778367D009AAF90 /* libLogicForiOS.a in Frameworks */,
				65AE3D4A1771410F00456C90 /* libxml2.dylib in Frameworks */,
				65174C5A17646B7B003FA84E /* libsqlite3.dylib in Frameworks */,
				A75E571F175843F100FC5FE4 /* UIKit.framework in Frameworks */,
				A75E5721175843F100FC5FE4 /* Foundation.framework in Frameworks */,
				A75E5723175843F100FC5FE4 /* CoreGraphics.framework in Frameworks */,
			);
			runOnlyForDeploymentPostprocessing = 0;
		};
		A75E5737175843F100FC5FE4 /* Frameworks */ = {
			isa = PBXFrameworksBuildPhase;
			buildActionMask = 2147483647;
			files = (
				A75E573D175843F100FC5FE4 /* SenTestingKit.framework in Frameworks */,
				A75E573E175843F100FC5FE4 /* UIKit.framework in Frameworks */,
				A75E573F175843F100FC5FE4 /* Foundation.framework in Frameworks */,
			);
			runOnlyForDeploymentPostprocessing = 0;
		};
/* End PBXFrameworksBuildPhase section */

/* Begin PBXGroup section */
		A75E5712175843F100FC5FE4 = {
			isa = PBXGroup;
			children = (
				A75E5724175843F100FC5FE4 /* WeekReportSystemForiOS */,
				A75E5742175843F100FC5FE4 /* WeekReportSystemForiOSTests */,
				A75E571D175843F100FC5FE4 /* Frameworks */,
				A75E571C175843F100FC5FE4 /* Products */,
			);
			sourceTree = "<group>";
		};
		A75E571C175843F100FC5FE4 /* Products */ = {
			isa = PBXGroup;
			children = (
				A75E571B175843F100FC5FE4 /* WeekReportSystemForiOS.app */,
				A75E573B175843F100FC5FE4 /* WeekReportSystemForiOSTests.octest */,
			);
			name = Products;
			sourceTree = "<group>";
		};
		A75E571D175843F100FC5FE4 /* Frameworks */ = {
			isa = PBXGroup;
			children = (
				A7FD9D9517783677009AAF90 /* BusinessLogic.xcodeproj */,
				65174C5917646B7B003FA84E /* libsqlite3.dylib */,
				65AE3D491771410F00456C90 /* libxml2.dylib */,
				A75E571E175843F100FC5FE4 /* UIKit.framework */,
				A75E5720175843F100FC5FE4 /* Foundation.framework */,
				A75E5722175843F100FC5FE4 /* CoreGraphics.framework */,
				A75E573C175843F100FC5FE4 /* SenTestingKit.framework */,
			);
			name = Frameworks;
			sourceTree = "<group>";
		};
		A75E5724175843F100FC5FE4 /* WeekReportSystemForiOS */ = {
			isa = PBXGroup;
			children = (
				655BCDC0175C793300C5C8B6 /* FSReportInfoCell.h */,
				655BCDC1175C793300C5C8B6 /* FSReportInfoCell.m */,
				65AE3D4E1771A09900456C90 /* FSProjectInfoCell.h */,
				65AE3D4F1771A09900456C90 /* FSProjectInfoCell.m */,
				65E2A1231777DA5000051E08 /* FSTextFieldCell.h */,
				65E2A1241777DA5000051E08 /* FSTextFieldCell.m */,
				A75E572D175843F100FC5FE4 /* FSAppDelegate.h */,
				A75E572E175843F100FC5FE4 /* FSAppDelegate.m */,
				65967594175DD50200263CFD /* FSPersonInfoViewController.h */,
				65967595175DD50200263CFD /* FSPersonInfoViewController.m */,
				65967596175DD50200263CFD /* FSPersonInfoViewController.xib */,
				65967599175DD5E600263CFD /* FSProjectInfoViewController.h */,
				6596759A175DD5E600263CFD /* FSProjectInfoViewController.m */,
				6596759B175DD5E600263CFD /* FSProjectInfoViewController.xib */,
				6596759E175DD92000263CFD /* FSSettingsViewController.h */,
				6596759F175DD92000263CFD /* FSSettingsViewController.m */,
				659675A0175DD92000263CFD /* FSSettingsViewController.xib */,
				65CA7C79175852EF0068EE12 /* FSReportMainViewController.h */,
				65CA7C7A175852EF0068EE12 /* FSReportMainViewController.m */,
				65CA7C7B175852EF0068EE12 /* FSReportMainViewController.xib */,
				65967589175D778C00263CFD /* FSReportDetailTableViewController.h */,
				6596758A175D778C00263CFD /* FSReportDetailTableViewController.m */,
				6596758B175D778C00263CFD /* FSReportDetailTableViewController.xib */,
				65967592175DC07400263CFD /* FSCells.xib */,
				652E892F1763261700553B85 /* WeekReport.sqlite */,
				65EF573617793D9A0094E122 /* project.xml */,
				A75E5725175843F100FC5FE4 /* Supporting Files */,
				65CB8DCD175ECBDE00C2A1B0 /* FSTempShowTableViewController.h */,
				65CB8DCE175ECBDF00C2A1B0 /* FSTempShowTableViewController.m */,
				65CB8DCF175ECBDF00C2A1B0 /* FSTempShowTableViewController.xib */,
			);
			path = WeekReportSystemForiOS;
			sourceTree = "<group>";
		};
		A75E5725175843F100FC5FE4 /* Supporting Files */ = {
			isa = PBXGroup;
			children = (
				A75E5726175843F100FC5FE4 /* WeekReportSystemForiOS-Info.plist */,
				A75E5727175843F100FC5FE4 /* InfoPlist.strings */,
				A75E572A175843F100FC5FE4 /* main.m */,
				A75E572C175843F100FC5FE4 /* WeekReportSystemForiOS-Prefix.pch */,
				A75E5730175843F100FC5FE4 /* Default.png */,
				A75E5732175843F100FC5FE4 /* Default@2x.png */,
				A75E5734175843F100FC5FE4 /* Default-568h@2x.png */,
			);
			name = "Supporting Files";
			sourceTree = "<group>";
		};
		A75E5742175843F100FC5FE4 /* WeekReportSystemForiOSTests */ = {
			isa = PBXGroup;
			children = (
				A75E5748175843F100FC5FE4 /* WeekReportSystemForiOSTests.h */,
				A75E5749175843F100FC5FE4 /* WeekReportSystemForiOSTests.m */,
				A75E5743175843F100FC5FE4 /* Supporting Files */,
			);
			path = WeekReportSystemForiOSTests;
			sourceTree = "<group>";
		};
		A75E5743175843F100FC5FE4 /* Supporting Files */ = {
			isa = PBXGroup;
			children = (
				A75E5744175843F100FC5FE4 /* WeekReportSystemForiOSTests-Info.plist */,
				A75E5745175843F100FC5FE4 /* InfoPlist.strings */,
			);
			name = "Supporting Files";
			sourceTree = "<group>";
		};
		A7FD9D9617783677009AAF90 /* Products */ = {
			isa = PBXGroup;
			children = (
				A7FD9D9B17783678009AAF90 /* libLogicForMac.a */,
				A7FD9D9D17783678009AAF90 /* libLogicForiOS.a */,
			);
			name = Products;
			sourceTree = "<group>";
		};
/* End PBXGroup section */

/* Begin PBXNativeTarget section */
		A75E571A175843F100FC5FE4 /* WeekReportSystemForiOS */ = {
			isa = PBXNativeTarget;
			buildConfigurationList = A75E574D175843F100FC5FE4 /* Build configuration list for PBXNativeTarget "WeekReportSystemForiOS" */;
			buildPhases = (
				A75E5717175843F100FC5FE4 /* Sources */,
				A75E5718175843F100FC5FE4 /* Frameworks */,
				A75E5719175843F100FC5FE4 /* Resources */,
			);
			buildRules = (
			);
			dependencies = (
				A7FD9DA017783693009AAF90 /* PBXTargetDependency */,
			);
			name = WeekReportSystemForiOS;
			productName = WeekReportSystemForiOS;
			productReference = A75E571B175843F100FC5FE4 /* WeekReportSystemForiOS.app */;
			productType = "com.apple.product-type.application";
		};
		A75E573A175843F100FC5FE4 /* WeekReportSystemForiOSTests */ = {
			isa = PBXNativeTarget;
			buildConfigurationList = A75E5750175843F100FC5FE4 /* Build configuration list for PBXNativeTarget "WeekReportSystemForiOSTests" */;
			buildPhases = (
				A75E5736175843F100FC5FE4 /* Sources */,
				A75E5737175843F100FC5FE4 /* Frameworks */,
				A75E5738175843F100FC5FE4 /* Resources */,
				A75E5739175843F100FC5FE4 /* ShellScript */,
			);
			buildRules = (
			);
			dependencies = (
				A75E5741175843F100FC5FE4 /* PBXTargetDependency */,
			);
			name = WeekReportSystemForiOSTests;
			productName = WeekReportSystemForiOSTests;
			productReference = A75E573B175843F100FC5FE4 /* WeekReportSystemForiOSTests.octest */;
			productType = "com.apple.product-type.bundle";
		};
/* End PBXNativeTarget section */

/* Begin PBXProject section */
		A75E5713175843F100FC5FE4 /* Project object */ = {
			isa = PBXProject;
			attributes = {
				CLASSPREFIX = FS;
				LastUpgradeCheck = 0460;
				ORGANIZATIONNAME = FormsSyntron;
			};
			buildConfigurationList = A75E5716175843F100FC5FE4 /* Build configuration list for PBXProject "WeekReportSystemForiOS" */;
			compatibilityVersion = "Xcode 3.2";
			developmentRegion = English;
			hasScannedForEncodings = 0;
			knownRegions = (
				en,
				"zh-Hans",
			);
			mainGroup = A75E5712175843F100FC5FE4;
			productRefGroup = A75E571C175843F100FC5FE4 /* Products */;
			projectDirPath = "";
			projectReferences = (
				{
					ProductGroup = A7FD9D9617783677009AAF90 /* Products */;
					ProjectRef = A7FD9D9517783677009AAF90 /* BusinessLogic.xcodeproj */;
				},
			);
			projectRoot = "";
			targets = (
				A75E571A175843F100FC5FE4 /* WeekReportSystemForiOS */,
				A75E573A175843F100FC5FE4 /* WeekReportSystemForiOSTests */,
			);
		};
/* End PBXProject section */

/* Begin PBXReferenceProxy section */
		A7FD9D9B17783678009AAF90 /* libLogicForMac.a */ = {
			isa = PBXReferenceProxy;
			fileType = archive.ar;
			path = libLogicForMac.a;
			remoteRef = A7FD9D9A17783678009AAF90 /* PBXContainerItemProxy */;
			sourceTree = BUILT_PRODUCTS_DIR;
		};
		A7FD9D9D17783678009AAF90 /* libLogicForiOS.a */ = {
			isa = PBXReferenceProxy;
			fileType = archive.ar;
			path = libLogicForiOS.a;
			remoteRef = A7FD9D9C17783678009AAF90 /* PBXContainerItemProxy */;
			sourceTree = BUILT_PRODUCTS_DIR;
		};
/* End PBXReferenceProxy section */

/* Begin PBXResourcesBuildPhase section */
		A75E5719175843F100FC5FE4 /* Resources */ = {
			isa = PBXResourcesBuildPhase;
			buildActionMask = 2147483647;
			files = (
				A75E5729175843F100FC5FE4 /* InfoPlist.strings in Resources */,
				A75E5731175843F100FC5FE4 /* Default.png in Resources */,
				A75E5733175843F100FC5FE4 /* Default@2x.png in Resources */,
				A75E5735175843F100FC5FE4 /* Default-568h@2x.png in Resources */,
				65CA7C7D175852EF0068EE12 /* FSReportMainViewController.xib in Resources */,
				6596758D175D778C00263CFD /* FSReportDetailTableViewController.xib in Resources */,
				65967593175DC07400263CFD /* FSCells.xib in Resources */,
				65967598175DD50200263CFD /* FSPersonInfoViewController.xib in Resources */,
				6596759D175DD5E600263CFD /* FSProjectInfoViewController.xib in Resources */,
				659675A2175DD92000263CFD /* FSSettingsViewController.xib in Resources */,
				65CB8DD1175ECBDF00C2A1B0 /* FSTempShowTableViewController.xib in Resources */,
				652E89301763261700553B85 /* WeekReport.sqlite in Resources */,
				65EF573717793D9A0094E122 /* project.xml in Resources */,
			);
			runOnlyForDeploymentPostprocessing = 0;
		};
		A75E5738175843F100FC5FE4 /* Resources */ = {
			isa = PBXResourcesBuildPhase;
			buildActionMask = 2147483647;
			files = (
				A75E5747175843F100FC5FE4 /* InfoPlist.strings in Resources */,
				652E89311763261700553B85 /* WeekReport.sqlite in Resources */,
			);
			runOnlyForDeploymentPostprocessing = 0;
		};
/* End PBXResourcesBuildPhase section */

/* Begin PBXShellScriptBuildPhase section */
		A75E5739175843F100FC5FE4 /* ShellScript */ = {
			isa = PBXShellScriptBuildPhase;
			buildActionMask = 2147483647;
			files = (
			);
			inputPaths = (
			);
			outputPaths = (
			);
			runOnlyForDeploymentPostprocessing = 0;
			shellPath = /bin/sh;
			shellScript = "# Run the unit tests in this test bundle.\n\"${SYSTEM_DEVELOPER_DIR}/Tools/RunUnitTests\"\n";
		};
/* End PBXShellScriptBuildPhase section */

/* Begin PBXSourcesBuildPhase section */
		A75E5717175843F100FC5FE4 /* Sources */ = {
			isa = PBXSourcesBuildPhase;
			buildActionMask = 2147483647;
			files = (
				A75E572B175843F100FC5FE4 /* main.m in Sources */,
				A75E572F175843F100FC5FE4 /* FSAppDelegate.m in Sources */,
				65CA7C7C175852EF0068EE12 /* FSReportMainViewController.m in Sources */,
				655BCDC2175C793300C5C8B6 /* FSReportInfoCell.m in Sources */,
				6596758C175D778C00263CFD /* FSReportDetailTableViewController.m in Sources */,
				65967597175DD50200263CFD /* FSPersonInfoViewController.m in Sources */,
				6596759C175DD5E600263CFD /* FSProjectInfoViewController.m in Sources */,
				659675A1175DD92000263CFD /* FSSettingsViewController.m in Sources */,
				65CB8DD0175ECBDF00C2A1B0 /* FSTempShowTableViewController.m in Sources */,
				65AE3D501771A09900456C90 /* FSProjectInfoCell.m in Sources */,
				65E2A1251777DA5000051E08 /* FSTextFieldCell.m in Sources */,
			);
			runOnlyForDeploymentPostprocessing = 0;
		};
		A75E5736175843F100FC5FE4 /* Sources */ = {
			isa = PBXSourcesBuildPhase;
			buildActionMask = 2147483647;
			files = (
				A75E574A175843F100FC5FE4 /* WeekReportSystemForiOSTests.m in Sources */,
			);
			runOnlyForDeploymentPostprocessing = 0;
		};
/* End PBXSourcesBuildPhase section */

/* Begin PBXTargetDependency section */
		A75E5741175843F100FC5FE4 /* PBXTargetDependency */ = {
			isa = PBXTargetDependency;
			target = A75E571A175843F100FC5FE4 /* WeekReportSystemForiOS */;
			targetProxy = A75E5740175843F100FC5FE4 /* PBXContainerItemProxy */;
		};
		A7FD9DA017783693009AAF90 /* PBXTargetDependency */ = {
			isa = PBXTargetDependency;
			name = LogicForiOS;
			targetProxy = A7FD9D9F17783693009AAF90 /* PBXContainerItemProxy */;
		};
/* End PBXTargetDependency section */

/* Begin PBXVariantGroup section */
		A75E5727175843F100FC5FE4 /* InfoPlist.strings */ = {
			isa = PBXVariantGroup;
			children = (
				65EF7FB6177BC32000C98185 /* zh-Hans */,
			);
			name = InfoPlist.strings;
			sourceTree = "<group>";
		};
		A75E5745175843F100FC5FE4 /* InfoPlist.strings */ = {
			isa = PBXVariantGroup;
			children = (
				65EF7FB7177BC32100C98185 /* zh-Hans */,
			);
			name = InfoPlist.strings;
			sourceTree = "<group>";
		};
/* End PBXVariantGroup section */

/* Begin XCBuildConfiguration section */
		A75E574B175843F100FC5FE4 /* Debug */ = {
			isa = XCBuildConfiguration;
			buildSettings = {
				ALWAYS_SEARCH_USER_PATHS = NO;
				ARCHS = "$(ARCHS_STANDARD_INCLUDING_64_BIT)";
				CLANG_CXX_LANGUAGE_STANDARD = "gnu++0x";
				CLANG_CXX_LIBRARY = "libc++";
				CLANG_ENABLE_OBJC_ARC = YES;
				CLANG_WARN_CONSTANT_CONVERSION = YES;
				CLANG_WARN_EMPTY_BODY = YES;
				CLANG_WARN_ENUM_CONVERSION = YES;
				CLANG_WARN_INT_CONVERSION = YES;
				CLANG_WARN__DUPLICATE_METHOD_MATCH = YES;
				"CODE_SIGN_IDENTITY[sdk=iphoneos*]" = "iPhone Developer";
				COPY_PHASE_STRIP = NO;
				GCC_C_LANGUAGE_STANDARD = gnu99;
				GCC_DYNAMIC_NO_PIC = NO;
				GCC_OPTIMIZATION_LEVEL = 0;
				GCC_PREPROCESSOR_DEFINITIONS = (
					"DEBUG=1",
					"$(inherited)",
				);
				GCC_SYMBOLS_PRIVATE_EXTERN = NO;
				GCC_WARN_ABOUT_RETURN_TYPE = YES;
				GCC_WARN_UNINITIALIZED_AUTOS = YES;
				GCC_WARN_UNUSED_VARIABLE = YES;
				HEADER_SEARCH_PATHS = (
					"../BusinessLogic/**",
					"/usr/include/libxml2/**",
				);
				IPHONEOS_DEPLOYMENT_TARGET = 6.1;
				ONLY_ACTIVE_ARCH = YES;
				OTHER_LDFLAGS = "";
				SDKROOT = iphoneos;
				SUPPORTED_PLATFORMS = "iphonesimulator iphoneos";
			};
			name = Debug;
		};
		A75E574C175843F100FC5FE4 /* Release */ = {
			isa = XCBuildConfiguration;
			buildSettings = {
				ALWAYS_SEARCH_USER_PATHS = NO;
				ARCHS = "$(ARCHS_STANDARD_INCLUDING_64_BIT)";
				CLANG_CXX_LANGUAGE_STANDARD = "gnu++0x";
				CLANG_CXX_LIBRARY = "libc++";
				CLANG_ENABLE_OBJC_ARC = YES;
				CLANG_WARN_CONSTANT_CONVERSION = YES;
				CLANG_WARN_EMPTY_BODY = YES;
				CLANG_WARN_ENUM_CONVERSION = YES;
				CLANG_WARN_INT_CONVERSION = YES;
				CLANG_WARN__DUPLICATE_METHOD_MATCH = YES;
				"CODE_SIGN_IDENTITY[sdk=iphoneos*]" = "iPhone Developer";
				COPY_PHASE_STRIP = YES;
				GCC_C_LANGUAGE_STANDARD = gnu99;
				GCC_WARN_ABOUT_RETURN_TYPE = YES;
				GCC_WARN_UNINITIALIZED_AUTOS = YES;
				GCC_WARN_UNUSED_VARIABLE = YES;
				HEADER_SEARCH_PATHS = (
					"../BusinessLogic/**",
					"/usr/include/libxml2/**",
				);
				IPHONEOS_DEPLOYMENT_TARGET = 6.1;
				OTHER_CFLAGS = "-DNS_BLOCK_ASSERTIONS=1";
				OTHER_LDFLAGS = "";
				SDKROOT = iphoneos;
				SUPPORTED_PLATFORMS = "iphonesimulator iphoneos";
				VALIDATE_PRODUCT = YES;
			};
			name = Release;
		};
		A75E574E175843F100FC5FE4 /* Debug */ = {
			isa = XCBuildConfiguration;
			buildSettings = {
				CODE_SIGN_IDENTITY = "iPhone Developer: qing guo (38QYV5Y5RJ)";
				GCC_PRECOMPILE_PREFIX_HEADER = YES;
				GCC_PREFIX_HEADER = "WeekReportSystemForiOS/WeekReportSystemForiOS-Prefix.pch";
				INFOPLIST_FILE = "WeekReportSystemForiOS/WeekReportSystemForiOS-Info.plist";
				IPHONEOS_DEPLOYMENT_TARGET = 6.0;
				PRODUCT_NAME = "$(TARGET_NAME)";
				PROVISIONING_PROFILE = "60567561-D651-464E-861B-4AE9FC0BE958";
				TARGETED_DEVICE_FAMILY = 1;
				WRAPPER_EXTENSION = app;
			};
			name = Debug;
		};
		A75E574F175843F100FC5FE4 /* Release */ = {
			isa = XCBuildConfiguration;
			buildSettings = {
				CODE_SIGN_IDENTITY = "iPhone Distribution: Shenzhen Forms Syntron Information Co., Ltd.";
				"CODE_SIGN_IDENTITY[sdk=iphoneos*]" = "iPhone Distribution: Shenzhen Forms Syntron Information Co., Ltd.";
				GCC_PRECOMPILE_PREFIX_HEADER = YES;
				GCC_PREFIX_HEADER = "WeekReportSystemForiOS/WeekReportSystemForiOS-Prefix.pch";
				INFOPLIST_FILE = "WeekReportSystemForiOS/WeekReportSystemForiOS-Info.plist";
				IPHONEOS_DEPLOYMENT_TARGET = 6.0;
				PRODUCT_NAME = "$(TARGET_NAME)";
				PROVISIONING_PROFILE = "AB2CC831-2557-4297-8BFC-36CDDCB2E012";
				"PROVISIONING_PROFILE[sdk=iphoneos*]" = "AB2CC831-2557-4297-8BFC-36CDDCB2E012";
				TARGETED_DEVICE_FAMILY = 1;
				WRAPPER_EXTENSION = app;
			};
			name = Release;
		};
		A75E5751175843F100FC5FE4 /* Debug */ = {
			isa = XCBuildConfiguration;
			buildSettings = {
				BUNDLE_LOADER = "$(BUILT_PRODUCTS_DIR)/WeekReportSystemForiOS.app/WeekReportSystemForiOS";
				FRAMEWORK_SEARCH_PATHS = (
					"\"$(SDKROOT)/Developer/Library/Frameworks\"",
					"\"$(DEVELOPER_LIBRARY_DIR)/Frameworks\"",
				);
				GCC_PRECOMPILE_PREFIX_HEADER = YES;
				GCC_PREFIX_HEADER = "WeekReportSystemForiOS/WeekReportSystemForiOS-Prefix.pch";
				INFOPLIST_FILE = "WeekReportSystemForiOSTests/WeekReportSystemForiOSTests-Info.plist";
				PRODUCT_NAME = "$(TARGET_NAME)";
				TEST_HOST = "$(BUNDLE_LOADER)";
				WRAPPER_EXTENSION = octest;
			};
			name = Debug;
		};
		A75E5752175843F100FC5FE4 /* Release */ = {
			isa = XCBuildConfiguration;
			buildSettings = {
				BUNDLE_LOADER = "$(BUILT_PRODUCTS_DIR)/WeekReportSystemForiOS.app/WeekReportSystemForiOS";
				FRAMEWORK_SEARCH_PATHS = (
					"\"$(SDKROOT)/Developer/Library/Frameworks\"",
					"\"$(DEVELOPER_LIBRARY_DIR)/Frameworks\"",
				);
				GCC_PRECOMPILE_PREFIX_HEADER = YES;
				GCC_PREFIX_HEADER = "WeekReportSystemForiOS/WeekReportSystemForiOS-Prefix.pch";
				INFOPLIST_FILE = "WeekReportSystemForiOSTests/WeekReportSystemForiOSTests-Info.plist";
				PRODUCT_NAME = "$(TARGET_NAME)";
				TEST_HOST = "$(BUNDLE_LOADER)";
				WRAPPER_EXTENSION = octest;
			};
			name = Release;
		};
/* End XCBuildConfiguration section */

/* Begin XCConfigurationList section */
		A75E5716175843F100FC5FE4 /* Build configuration list for PBXProject "WeekReportSystemForiOS" */ = {
			isa = XCConfigurationList;
			buildConfigurations = (
				A75E574B175843F100FC5FE4 /* Debug */,
				A75E574C175843F100FC5FE4 /* Release */,
			);
			defaultConfigurationIsVisible = 0;
			defaultConfigurationName = Release;
		};
		A75E574D175843F100FC5FE4 /* Build configuration list for PBXNativeTarget "WeekReportSystemForiOS" */ = {
			isa = XCConfigurationList;
			buildConfigurations = (
				A75E574E175843F100FC5FE4 /* Debug */,
				A75E574F175843F100FC5FE4 /* Release */,
			);
			defaultConfigurationIsVisible = 0;
			defaultConfigurationName = Release;
		};
		A75E5750175843F100FC5FE4 /* Build configuration list for PBXNativeTarget "WeekReportSystemForiOSTests" */ = {
			isa = XCConfigurationList;
			buildConfigurations = (
				A75E5751175843F100FC5FE4 /* Debug */,
				A75E5752175843F100FC5FE4 /* Release */,
			);
			defaultConfigurationIsVisible = 0;
			defaultConfigurationName = Release;
		};
/* End XCConfigurationList section */
	};
	rootObject = A75E5713175843F100FC5FE4 /* Project object */;
}
